github.com/edos10/test_ozon v0.0.0-20230712174747-0ed61a8adebe h1:d7snpbjE0+dcu4Zy8U8t1l3sGgEwP8OciPT/IYTp7Bg=
github.com/edos10/test_ozon/greetings v0.0.0-20230712174747-0ed61a8adebe h1:CHEsiRZVDfw/i/Vh7xOcCurcmAHOy7xPvL8E4Io+kwk=
github.com/edos10/test_ozon/greetings v0.0.0-20230712174747-0ed61a8adebe/go.mod h1:MCQyXxF6XPOGBSK349Hg2j0QheyNH4YdnBwfe7u122w=
github.com/gorilla/mux v1.8.0 h1:i40aqfkR1h2SlN9hojwV5ZA91wcXFOvkdNIeFDP5koI=
github.com/gorilla/mux v1.8.0/go.mod h1:DVbg23sWSpFRCP0SfiEN6jmj59UnW/n46BH5rLB71So=
github.com/lib/pq v1.10.9 h1:YXG7RB+JIjhP29X+OtkiDnYaXQwpS4JEWq7dtCCRUEw=
github.com/lib/pq v1.10.9/go.mod h1:AlVN5x4E4T544tWzH6hKfbfQvm3HdbOxrmggDNAPY9o=
